
Microsoft Visual Studio Solution File, Format Version 12.00
# Visual Studio Version 16
VisualStudioVersion = 16.0.30804.86
MinimumVisualStudioVersion = 10.0.40219.1
Project("{9A19103F-16F7-4668-BE54-9A1E7A4F7556}") = "IcddWebApp", "IcddWebApp.csproj", "{A77F10D1-BFB5-4288-A6E3-C699A066B112}"
EndProject
Project("{9A19103F-16F7-4668-BE54-9A1E7A4F7556}") = "Icdd.Core", "..\library\Icdd.Core\Icdd.Core.csproj", "{CFC96E8F-48AB-4718-B590-204CF809CED8}"
EndProject
Global
	GlobalSection(SolutionConfigurationPlatforms) = preSolution
		Debug|Any CPU = Debug|Any CPU
		Release|Any CPU = Release|Any CPU
	EndGlobalSection
	GlobalSection(ProjectConfigurationPlatforms) = postSolution
		{A77F10D1-BFB5-4288-A6E3-C699A066B112}.Debug|Any CPU.ActiveCfg = Debug|Any CPU
		{A77F10D1-BFB5-4288-A6E3-C699A066B112}.Debug|Any CPU.Build.0 = Debug|Any CPU
		{A77F10D1-BFB5-4288-A6E3-C699A066B112}.Release|Any CPU.ActiveCfg = Release|Any CPU
		{A77F10D1-BFB5-4288-A6E3-C699A066B112}.Release|Any CPU.Build.0 = Release|Any CPU
		{CFC96E8F-48AB-4718-B590-204CF809CED8}.Debug|Any CPU.ActiveCfg = Debug|Any CPU
		{CFC96E8F-48AB-4718-B590-204CF809CED8}.Debug|Any CPU.Build.0 = Debug|Any CPU
		{CFC96E8F-48AB-4718-B590-204CF809CED8}.Release|Any CPU.ActiveCfg = Release|Any CPU
		{CFC96E8F-48AB-4718-B590-204CF809CED8}.Release|Any CPU.Build.0 = Release|Any CPU
	EndGlobalSection
	GlobalSection(SolutionProperties) = preSolution
		HideSolutionNode = FALSE
	EndGlobalSection
	GlobalSection(ExtensibilityGlobals) = postSolution
		SolutionGuid = {4E34C068-6202-4D95-B9E7-6DB0E5E9A271}
	EndGlobalSection
EndGlobal
